// !$*UTF8*$!
{
	archiveVersion = 1;
	classes = {
	};
	objectVersion = 46;
	objects = {

/* Begin PBXBuildFile section */
		B52E22191DD754F800591C16 /* AppDelegate.m in Sources */ = {isa = PBXBuildFile; fileRef = B52E22181DD754F800591C16 /* AppDelegate.m */; };
		B52E221C1DD754F800591C16 /* main.m in Sources */ = {isa = PBXBuildFile; fileRef = B52E221B1DD754F800591C16 /* main.m */; };
		B52E221F1DD754F800591C16 /* MTPMainViewController.m in Sources */ = {isa = PBXBuildFile; fileRef = B52E221E1DD754F800591C16 /* MTPMainViewController.m */; };
		B52E22211DD754F800591C16 /* Assets.xcassets in Resources */ = {isa = PBXBuildFile; fileRef = B52E22201DD754F800591C16 /* Assets.xcassets */; };
		B52E22241DD754F800591C16 /* Main.storyboard in Resources */ = {isa = PBXBuildFile; fileRef = B52E22221DD754F800591C16 /* Main.storyboard */; };
		B52E22301DD7585900591C16 /* MTPMainView.m in Sources */ = {isa = PBXBuildFile; fileRef = B52E222F1DD7585900591C16 /* MTPMainView.m */; };
		B5A7B0811DD8B3D90092BE85 /* MTPParsingManager.m in Sources */ = {isa = PBXBuildFile; fileRef = B5A7B0801DD8B3D90092BE85 /* MTPParsingManager.m */; };
		B5A7B0871DD8F1F50092BE85 /* MTPBDecodingManager.m in Sources */ = {isa = PBXBuildFile; fileRef = B5A7B0861DD8F1F50092BE85 /* MTPBDecodingManager.m */; };
/* End PBXBuildFile section */

/* Begin PBXFileReference section */
		B52E22141DD754F800591C16 /* MacTorrentParser.app */ = {isa = PBXFileReference; explicitFileType = wrapper.application; includeInIndex = 0; path = MacTorrentParser.app; sourceTree = BUILT_PRODUCTS_DIR; };
		B52E22171DD754F800591C16 /* AppDelegate.h */ = {isa = PBXFileReference; lastKnownFileType = sourcecode.c.h; path = AppDelegate.h; sourceTree = "<group>"; };
		B52E22181DD754F800591C16 /* AppDelegate.m */ = {isa = PBXFileReference; lastKnownFileType = sourcecode.c.objc; path = AppDelegate.m; sourceTree = "<group>"; };
		B52E221B1DD754F800591C16 /* main.m */ = {isa = PBXFileReference; lastKnownFileType = sourcecode.c.objc; path = main.m; sourceTree = "<group>"; };
		B52E221D1DD754F800591C16 /* MTPMainViewController.h */ = {isa = PBXFileReference; lastKnownFileType = sourcecode.c.h; path = MTPMainViewController.h; sourceTree = "<group>"; };
		B52E221E1DD754F800591C16 /* MTPMainViewController.m */ = {isa = PBXFileReference; lastKnownFileType = sourcecode.c.objc; path = MTPMainViewController.m; sourceTree = "<group>"; };
		B52E22201DD754F800591C16 /* Assets.xcassets */ = {isa = PBXFileReference; lastKnownFileType = folder.assetcatalog; path = Assets.xcassets; sourceTree = "<group>"; };
		B52E22231DD754F800591C16 /* Base */ = {isa = PBXFileReference; lastKnownFileType = file.storyboard; name = Base; path = Base.lproj/Main.storyboard; sourceTree = "<group>"; };
		B52E22251DD754F800591C16 /* Info.plist */ = {isa = PBXFileReference; lastKnownFileType = text.plist.xml; path = Info.plist; sourceTree = "<group>"; };
		B52E222E1DD7585900591C16 /* MTPMainView.h */ = {isa = PBXFileReference; fileEncoding = 4; lastKnownFileType = sourcecode.c.h; path = MTPMainView.h; sourceTree = "<group>"; };
		B52E222F1DD7585900591C16 /* MTPMainView.m */ = {isa = PBXFileReference; fileEncoding = 4; lastKnownFileType = sourcecode.c.objc; path = MTPMainView.m; sourceTree = "<group>"; };
		B5A7B07F1DD8B3D90092BE85 /* MTPParsingManager.h */ = {isa = PBXFileReference; fileEncoding = 4; lastKnownFileType = sourcecode.c.h; path = MTPParsingManager.h; sourceTree = "<group>"; };
		B5A7B0801DD8B3D90092BE85 /* MTPParsingManager.m */ = {isa = PBXFileReference; fileEncoding = 4; lastKnownFileType = sourcecode.c.objc; path = MTPParsingManager.m; sourceTree = "<group>"; };
		B5A7B0821DD8BB540092BE85 /* MTPConstants.h */ = {isa = PBXFileReference; fileEncoding = 4; lastKnownFileType = sourcecode.c.h; path = MTPConstants.h; sourceTree = "<group>"; };
		B5A7B0851DD8F1F50092BE85 /* MTPBDecodingManager.h */ = {isa = PBXFileReference; fileEncoding = 4; lastKnownFileType = sourcecode.c.h; path = MTPBDecodingManager.h; sourceTree = "<group>"; };
		B5A7B0861DD8F1F50092BE85 /* MTPBDecodingManager.m */ = {isa = PBXFileReference; fileEncoding = 4; lastKnownFileType = sourcecode.c.objc; path = MTPBDecodingManager.m; sourceTree = "<group>"; };
/* End PBXFileReference section */

/* Begin PBXFrameworksBuildPhase section */
		B52E22111DD754F800591C16 /* Frameworks */ = {
			isa = PBXFrameworksBuildPhase;
			buildActionMask = 2147483647;
			files = (
			);
			runOnlyForDeploymentPostprocessing = 0;
		};
/* End PBXFrameworksBuildPhase section */

/* Begin PBXGroup section */
		B52E220B1DD754F800591C16 = {
			isa = PBXGroup;
			children = (
				B52E22161DD754F800591C16 /* MacTorrentParser */,
				B52E22151DD754F800591C16 /* Products */,
			);
			sourceTree = "<group>";
		};
		B52E22151DD754F800591C16 /* Products */ = {
			isa = PBXGroup;
			children = (
				B52E22141DD754F800591C16 /* MacTorrentParser.app */,
			);
			name = Products;
			sourceTree = "<group>";
		};
		B52E22161DD754F800591C16 /* MacTorrentParser */ = {
			isa = PBXGroup;
			children = (
				B5A7B0821DD8BB540092BE85 /* MTPConstants.h */,
				B5A7B07E1DD8B3170092BE85 /* VIew */,
				B5A7B07D1DD8B30E0092BE85 /* ViewController */,
				B5A7B07C1DD8B3030092BE85 /* Manager */,
				B52E22201DD754F800591C16 /* Assets.xcassets */,
				B52E22221DD754F800591C16 /* Main.storyboard */,
				B52E22251DD754F800591C16 /* Info.plist */,
				B52E221A1DD754F800591C16 /* Supporting Files */,
			);
			path = MacTorrentParser;
			sourceTree = "<group>";
		};
		B52E221A1DD754F800591C16 /* Supporting Files */ = {
			isa = PBXGroup;
			children = (
				B52E221B1DD754F800591C16 /* main.m */,
			);
			name = "Supporting Files";
			sourceTree = "<group>";
		};
		B5A7B07C1DD8B3030092BE85 /* Manager */ = {
			isa = PBXGroup;
			children = (
				B5A7B07F1DD8B3D90092BE85 /* MTPParsingManager.h */,
				B5A7B0801DD8B3D90092BE85 /* MTPParsingManager.m */,
				B5A7B0851DD8F1F50092BE85 /* MTPBDecodingManager.h */,
				B5A7B0861DD8F1F50092BE85 /* MTPBDecodingManager.m */,
			);
			name = Manager;
			sourceTree = "<group>";
		};
		B5A7B07D1DD8B30E0092BE85 /* ViewController */ = {
			isa = PBXGroup;
			children = (
				B52E22171DD754F800591C16 /* AppDelegate.h */,
				B52E22181DD754F800591C16 /* AppDelegate.m */,
				B52E221D1DD754F800591C16 /* MTPMainViewController.h */,
				B52E221E1DD754F800591C16 /* MTPMainViewController.m */,
			);
			name = ViewController;
			sourceTree = "<group>";
		};
		B5A7B07E1DD8B3170092BE85 /* VIew */ = {
			isa = PBXGroup;
			children = (
				B52E222E1DD7585900591C16 /* MTPMainView.h */,
				B52E222F1DD7585900591C16 /* MTPMainView.m */,
			);
			name = VIew;
			sourceTree = "<group>";
		};
/* End PBXGroup section */

/* Begin PBXNativeTarget section */
		B52E22131DD754F800591C16 /* MacTorrentParser */ = {
			isa = PBXNativeTarget;
			buildConfigurationList = B52E22281DD754F800591C16 /* Build configuration list for PBXNativeTarget "MacTorrentParser" */;
			buildPhases = (
				B52E22101DD754F800591C16 /* Sources */,
				B52E22111DD754F800591C16 /* Frameworks */,
				B52E22121DD754F800591C16 /* Resources */,
			);
			buildRules = (
			);
			dependencies = (
			);
			name = MacTorrentParser;
			productName = MacTorrentParser;
			productReference = B52E22141DD754F800591C16 /* MacTorrentParser.app */;
			productType = "com.apple.product-type.application";
		};
/* End PBXNativeTarget section */

/* Begin PBXProject section */
		B52E220C1DD754F800591C16 /* Project object */ = {
			isa = PBXProject;
			attributes = {
				LastUpgradeCheck = 0800;
				ORGANIZATIONNAME = "WEI XIE";
				TargetAttributes = {
					B52E22131DD754F800591C16 = {
						CreatedOnToolsVersion = 8.0;
						ProvisioningStyle = Automatic;
					};
				};
			};
			buildConfigurationList = B52E220F1DD754F800591C16 /* Build configuration list for PBXProject "MacTorrentParser" */;
			compatibilityVersion = "Xcode 3.2";
			developmentRegion = English;
			hasScannedForEncodings = 0;
			knownRegions = (
				en,
				Base,
			);
			mainGroup = B52E220B1DD754F800591C16;
			productRefGroup = B52E22151DD754F800591C16 /* Products */;
			projectDirPath = "";
			projectRoot = "";
			targets = (
				B52E22131DD754F800591C16 /* MacTorrentParser */,
			);
		};
/* End PBXProject section */

/* Begin PBXResourcesBuildPhase section */
		B52E22121DD754F800591C16 /* Resources */ = {
			isa = PBXResourcesBuildPhase;
			buildActionMask = 2147483647;
			files = (
				B52E22211DD754F800591C16 /* Assets.xcassets in Resources */,
				B52E22241DD754F800591C16 /* Main.storyboard in Resources */,
			);
			runOnlyForDeploymentPostprocessing = 0;
		};
/* End PBXResourcesBuildPhase section */

/* Begin PBXSourcesBuildPhase section */
		B52E22101DD754F800591C16 /* Sources */ = {
			isa = PBXSourcesBuildPhase;
			buildActionMask = 2147483647;
			files = (
				B5A7B0811DD8B3D90092BE85 /* MTPParsingManager.m in Sources */,
				B52E221F1DD754F800591C16 /* MTPMainViewController.m in Sources */,
				B52E22301DD7585900591C16 /* MTPMainView.m in Sources */,
				B52E221C1DD754F800591C16 /* main.m in Sources */,
				B5A7B0871DD8F1F50092BE85 /* MTPBDecodingManager.m in Sources */,
				B52E22191DD754F800591C16 /* AppDelegate.m in Sources */,
			);
			runOnlyForDeploymentPostprocessing = 0;
		};
/* End PBXSourcesBuildPhase section */

/* Begin PBXVariantGroup section */
		B52E22221DD754F800591C16 /* Main.storyboard */ = {
			isa = PBXVariantGroup;
			children = (
				B52E22231DD754F800591C16 /* Base */,
			);
			name = Main.storyboard;
			sourceTree = "<group>";
		};
/* End PBXVariantGroup section */

/* Begin XCBuildConfiguration section */
		B52E22261DD754F800591C16 /* Debug */ = {
			isa = XCBuildConfiguration;
			buildSettings = {
				ALWAYS_SEARCH_USER_PATHS = NO;
				CLANG_ANALYZER_NONNULL = YES;
				CLANG_CXX_LANGUAGE_STANDARD = "gnu++0x";
				CLANG_CXX_LIBRARY = "libc++";
				CLANG_ENABLE_MODULES = YES;
				CLANG_ENABLE_OBJC_ARC = YES;
				CLANG_WARN_BOOL_CONVERSION = YES;
				CLANG_WARN_CONSTANT_CONVERSION = YES;
				CLANG_WARN_DIRECT_OBJC_ISA_USAGE = YES_ERROR;
				CLANG_WARN_DOCUMENTATION_COMMENTS = YES;
				CLANG_WARN_EMPTY_BODY = YES;
				CLANG_WARN_ENUM_CONVERSION = YES;
				CLANG_WARN_INFINITE_RECURSION = YES;
				CLANG_WARN_INT_CONVERSION = YES;
				CLANG_WARN_OBJC_ROOT_CLASS = YES_ERROR;
				CLANG_WARN_SUSPICIOUS_MOVES = YES;
				CLANG_WARN_UNREACHABLE_CODE = YES;
				CLANG_WARN__DUPLICATE_METHOD_MATCH = YES;
				CODE_SIGN_IDENTITY = "-";
				COPY_PHASE_STRIP = NO;
				DEBUG_INFORMATION_FORMAT = dwarf;
				ENABLE_STRICT_OBJC_MSGSEND = YES;
				ENABLE_TESTABILITY = YES;
				GCC_C_LANGUAGE_STANDARD = gnu99;
				GCC_DYNAMIC_NO_PIC = NO;
				GCC_NO_COMMON_BLOCKS = YES;
				GCC_OPTIMIZATION_LEVEL = 0;
				GCC_PREPROCESSOR_DEFINITIONS = (
					"DEBUG=1",
					"$(inherited)",
				);
				GCC_WARN_64_TO_32_BIT_CONVERSION = YES;
				GCC_WARN_ABOUT_RETURN_TYPE = YES_ERROR;
				GCC_WARN_UNDECLARED_SELECTOR = YES;
				GCC_WARN_UNINITIALIZED_AUTOS = YES_AGGRESSIVE;
				GCC_WARN_UNUSED_FUNCTION = YES;
				GCC_WARN_UNUSED_VARIABLE = YES;
				MACOSX_DEPLOYMENT_TARGET = 10.11;
				MTL_ENABLE_DEBUG_INFO = YES;
				ONLY_ACTIVE_ARCH = YES;
				SDKROOT = macosx;
			};
			name = Debug;
		};
		B52E22271DD754F800591C16 /* Release */ = {
			isa = XCBuildConfiguration;
			buildSettings = {
				ALWAYS_SEARCH_USER_PATHS = NO;
				CLANG_ANALYZER_NONNULL = YES;
				CLANG_CXX_LANGUAGE_STANDARD = "gnu++0x";
				CLANG_CXX_LIBRARY = "libc++";
				CLANG_ENABLE_MODULES = YES;
				CLANG_ENABLE_OBJC_ARC = YES;
				CLANG_WARN_BOOL_CONVERSION = YES;
				CLANG_WARN_CONSTANT_CONVERSION = YES;
				CLANG_WARN_DIRECT_OBJC_ISA_USAGE = YES_ERROR;
				CLANG_WARN_DOCUMENTATION_COMMENTS = YES;
				CLANG_WARN_EMPTY_BODY = YES;
				CLANG_WARN_ENUM_CONVERSION = YES;
				CLANG_WARN_INFINITE_RECURSION = YES;
				CLANG_WARN_INT_CONVERSION = YES;
				CLANG_WARN_OBJC_ROOT_CLASS = YES_ERROR;
				CLANG_WARN_SUSPICIOUS_MOVES = YES;
				CLANG_WARN_UNREACHABLE_CODE = YES;
				CLANG_WARN__DUPLICATE_METHOD_MATCH = YES;
				CODE_SIGN_IDENTITY = "-";
				COPY_PHASE_STRIP = NO;
				DEBUG_INFORMATION_FORMAT = "dwarf-with-dsym";
				ENABLE_NS_ASSERTIONS = NO;
				ENABLE_STRICT_OBJC_MSGSEND = YES;
				GCC_C_LANGUAGE_STANDARD = gnu99;
				GCC_NO_COMMON_BLOCKS = YES;
				GCC_WARN_64_TO_32_BIT_CONVERSION = YES;
				GCC_WARN_ABOUT_RETURN_TYPE = YES_ERROR;
				GCC_WARN_UNDECLARED_SELECTOR = YES;
				GCC_WARN_UNINITIALIZED_AUTOS = YES_AGGRESSIVE;
				GCC_WARN_UNUSED_FUNCTION = YES;
				GCC_WARN_UNUSED_VARIABLE = YES;
				MACOSX_DEPLOYMENT_TARGET = 10.11;
				MTL_ENABLE_DEBUG_INFO = NO;
				SDKROOT = macosx;
			};
			name = Release;
		};
		B52E22291DD754F800591C16 /* Debug */ = {
			isa = XCBuildConfiguration;
			buildSettings = {
				ASSETCATALOG_COMPILER_APPICON_NAME = AppIcon;
				COMBINE_HIDPI_IMAGES = YES;
				INFOPLIST_FILE = MacTorrentParser/Info.plist;
				LD_RUNPATH_SEARCH_PATHS = "$(inherited) @executable_path/../Frameworks";
				PRODUCT_BUNDLE_IDENTIFIER = wx.MacTorrentParser;
				PRODUCT_NAME = "$(TARGET_NAME)";
			};
			name = Debug;
		};
		B52E222A1DD754F800591C16 /* Release */ = {
			isa = XCBuildConfiguration;
			buildSettings = {
				ASSETCATALOG_COMPILER_APPICON_NAME = AppIcon;
				COMBINE_HIDPI_IMAGES = YES;
				INFOPLIST_FILE = MacTorrentParser/Info.plist;
				LD_RUNPATH_SEARCH_PATHS = "$(inherited) @executable_path/../Frameworks";
				PRODUCT_BUNDLE_IDENTIFIER = wx.MacTorrentParser;
				PRODUCT_NAME = "$(TARGET_NAME)";
			};
			name = Release;
		};
/* End XCBuildConfiguration section */

/* Begin XCConfigurationList section */
		B52E220F1DD754F800591C16 /* Build configuration list for PBXProject "MacTorrentParser" */ = {
			isa = XCConfigurationList;
			buildConfigurations = (
				B52E22261DD754F800591C16 /* Debug */,
				B52E22271DD754F800591C16 /* Release */,
			);
			defaultConfigurationIsVisible = 0;
			defaultConfigurationName = Release;
		};
		B52E22281DD754F800591C16 /* Build configuration list for PBXNativeTarget "MacTorrentParser" */ = {
			isa = XCConfigurationList;
			buildConfigurations = (
				B52E22291DD754F800591C16 /* Debug */,
				B52E222A1DD754F800591C16 /* Release */,
			);
			defaultConfigurationIsVisible = 0;
			defaultConfigurationName = Release;
		};
/* End XCConfigurationList section */
	};
	rootObject = B52E220C1DD754F800591C16 /* Project object */;
}
